
Microsoft Visual Studio Solution File, Format Version 12.00
# Visual Studio Version 17
VisualStudioVersion = 17.5.33516.290
MinimumVisualStudioVersion = 10.0.40219.1
Project("{FAE04EC0-301F-11D3-BF4B-00C04F79EFBC}") = "WpfApp2", "WpfApp2\WpfApp2.csproj", "{5551F931-970B-4787-986D-0A0C6126115D}"
EndProject
Global
	GlobalSection(SolutionConfigurationPlatforms) = preSolution
		Debug|Any CPU = Debug|Any CPU
		Release|Any CPU = Release|Any CPU
	EndGlobalSection
	GlobalSection(ProjectConfigurationPlatforms) = postSolution
		{5551F931-970B-4787-986D-0A0C6126115D}.Debug|Any CPU.ActiveCfg = Debug|Any CPU
		{5551F931-970B-4787-986D-0A0C6126115D}.Debug|Any CPU.Build.0 = Debug|Any CPU
		{5551F931-970B-4787-986D-0A0C6126115D}.Release|Any CPU.ActiveCfg = Release|Any CPU
		{5551F931-970B-4787-986D-0A0C6126115D}.Release|Any CPU.Build.0 = Release|Any CPU
	EndGlobalSection
	GlobalSection(SolutionProperties) = preSolution
		HideSolutionNode = FALSE
	EndGlobalSection
	GlobalSection(ExtensibilityGlobals) = postSolution
		SolutionGuid = {67F6531B-3550-4E22-B81F-4D2C0A914087}
	EndGlobalSection
EndGlobal
